
Microsoft Visual Studio Solution File, Format Version 12.00
# Visual Studio Version 17
VisualStudioVersion = 17.3.32901.215
MinimumVisualStudioVersion = 10.0.40219.1
Project("{9A19103F-16F7-4668-BE54-9A1E7A4F7556}") = "AlarmShell.Console", "AlarmShell.Console\AlarmShell.Console.csproj", "{C5082944-B8C3-4592-8D67-A73F7A20D3DB}"
EndProject
Project("{FAE04EC0-301F-11D3-BF4B-00C04F79EFBC}") = "AlarmShell", "AlarmShell\AlarmShell.csproj", "{84480EA1-3D9E-4B81-9E15-1C5584BBE858}"
EndProject
Project("{2150E333-8FDC-42A3-9474-1A3956D46DE8}") = "Tests", "Tests", "{4E2E4131-439D-4577-A5CD-723D1622607F}"
EndProject
Project("{FAE04EC0-301F-11D3-BF4B-00C04F79EFBC}") = "AlarmShell.UnitTests", "Tests\AlarmShell.UnitTests\AlarmShell.UnitTests.csproj", "{C650B95D-15C6-48E2-A9A5-FAC83BF2D658}"
EndProject
Project("{FAE04EC0-301F-11D3-BF4B-00C04F79EFBC}") = "AlarmShell.Console.UnitTests", "Tests\AlarmShell.Console.UnitTests\AlarmShell.Console.UnitTests.csproj", "{EC85855F-E52D-401C-913A-8586CFD64F14}"
EndProject
Global
	GlobalSection(SolutionConfigurationPlatforms) = preSolution
		Debug|Any CPU = Debug|Any CPU
		Release|Any CPU = Release|Any CPU
	EndGlobalSection
	GlobalSection(ProjectConfigurationPlatforms) = postSolution
		{C5082944-B8C3-4592-8D67-A73F7A20D3DB}.Debug|Any CPU.ActiveCfg = Debug|Any CPU
		{C5082944-B8C3-4592-8D67-A73F7A20D3DB}.Debug|Any CPU.Build.0 = Debug|Any CPU
		{C5082944-B8C3-4592-8D67-A73F7A20D3DB}.Release|Any CPU.ActiveCfg = Release|Any CPU
		{C5082944-B8C3-4592-8D67-A73F7A20D3DB}.Release|Any CPU.Build.0 = Release|Any CPU
		{84480EA1-3D9E-4B81-9E15-1C5584BBE858}.Debug|Any CPU.ActiveCfg = Debug|Any CPU
		{84480EA1-3D9E-4B81-9E15-1C5584BBE858}.Debug|Any CPU.Build.0 = Debug|Any CPU
		{84480EA1-3D9E-4B81-9E15-1C5584BBE858}.Release|Any CPU.ActiveCfg = Release|Any CPU
		{84480EA1-3D9E-4B81-9E15-1C5584BBE858}.Release|Any CPU.Build.0 = Release|Any CPU
		{C650B95D-15C6-48E2-A9A5-FAC83BF2D658}.Debug|Any CPU.ActiveCfg = Debug|Any CPU
		{C650B95D-15C6-48E2-A9A5-FAC83BF2D658}.Debug|Any CPU.Build.0 = Debug|Any CPU
		{C650B95D-15C6-48E2-A9A5-FAC83BF2D658}.Release|Any CPU.ActiveCfg = Release|Any CPU
		{C650B95D-15C6-48E2-A9A5-FAC83BF2D658}.Release|Any CPU.Build.0 = Release|Any CPU
		{EC85855F-E52D-401C-913A-8586CFD64F14}.Debug|Any CPU.ActiveCfg = Debug|Any CPU
		{EC85855F-E52D-401C-913A-8586CFD64F14}.Debug|Any CPU.Build.0 = Debug|Any CPU
		{EC85855F-E52D-401C-913A-8586CFD64F14}.Release|Any CPU.ActiveCfg = Release|Any CPU
		{EC85855F-E52D-401C-913A-8586CFD64F14}.Release|Any CPU.Build.0 = Release|Any CPU
	EndGlobalSection
	GlobalSection(SolutionProperties) = preSolution
		HideSolutionNode = FALSE
	EndGlobalSection
	GlobalSection(NestedProjects) = preSolution
		{C650B95D-15C6-48E2-A9A5-FAC83BF2D658} = {4E2E4131-439D-4577-A5CD-723D1622607F}
		{EC85855F-E52D-401C-913A-8586CFD64F14} = {4E2E4131-439D-4577-A5CD-723D1622607F}
	EndGlobalSection
	GlobalSection(ExtensibilityGlobals) = postSolution
		SolutionGuid = {0D1D2DD9-29AD-4730-9A7B-BDD580A32039}
	EndGlobalSection
EndGlobal
