
Microsoft Visual Studio Solution File, Format Version 12.00
# Visual Studio Version 17
VisualStudioVersion = 17.3.32901.215
MinimumVisualStudioVersion = 10.0.40219.1
Project("{2150E333-8FDC-42A3-9474-1A3956D46DE8}") = "Tests", "Tests", "{4E2E4131-439D-4577-A5CD-723D1622607F}"
EndProject
Project("{2150E333-8FDC-42A3-9474-1A3956D46DE8}") = "Batch Scripts", "Batch Scripts", "{5958C09D-2A4B-49AC-913A-B05A69E2238E}"
	ProjectSection(SolutionItems) = preProject
		Batch Scripts\alarm.bat = Batch Scripts\alarm.bat
	EndProjectSection
EndProject
Project("{FAE04EC0-301F-11D3-BF4B-00C04F79EFBC}") = "AlarmShell", "AlarmShell\AlarmShell.csproj", "{D6AE2DD6-5D89-4C03-BD86-759D3CC54408}"
EndProject
Project("{9A19103F-16F7-4668-BE54-9A1E7A4F7556}") = "AlarmShell.UnitTests", "Tests\AlarmShell.UnitTests\AlarmShell.UnitTests.csproj", "{87067BCA-6E8A-48C7-B4BE-591571DD7D92}"
EndProject
Global
	GlobalSection(SolutionConfigurationPlatforms) = preSolution
		Debug|Any CPU = Debug|Any CPU
		Release|Any CPU = Release|Any CPU
	EndGlobalSection
	GlobalSection(ProjectConfigurationPlatforms) = postSolution
		{D6AE2DD6-5D89-4C03-BD86-759D3CC54408}.Debug|Any CPU.ActiveCfg = Debug|Any CPU
		{D6AE2DD6-5D89-4C03-BD86-759D3CC54408}.Debug|Any CPU.Build.0 = Debug|Any CPU
		{D6AE2DD6-5D89-4C03-BD86-759D3CC54408}.Release|Any CPU.ActiveCfg = Release|Any CPU
		{D6AE2DD6-5D89-4C03-BD86-759D3CC54408}.Release|Any CPU.Build.0 = Release|Any CPU
		{87067BCA-6E8A-48C7-B4BE-591571DD7D92}.Debug|Any CPU.ActiveCfg = Debug|Any CPU
		{87067BCA-6E8A-48C7-B4BE-591571DD7D92}.Debug|Any CPU.Build.0 = Debug|Any CPU
		{87067BCA-6E8A-48C7-B4BE-591571DD7D92}.Release|Any CPU.ActiveCfg = Release|Any CPU
		{87067BCA-6E8A-48C7-B4BE-591571DD7D92}.Release|Any CPU.Build.0 = Release|Any CPU
	EndGlobalSection
	GlobalSection(SolutionProperties) = preSolution
		HideSolutionNode = FALSE
	EndGlobalSection
	GlobalSection(NestedProjects) = preSolution
		{87067BCA-6E8A-48C7-B4BE-591571DD7D92} = {4E2E4131-439D-4577-A5CD-723D1622607F}
	EndGlobalSection
	GlobalSection(ExtensibilityGlobals) = postSolution
		SolutionGuid = {0D1D2DD9-29AD-4730-9A7B-BDD580A32039}
	EndGlobalSection
EndGlobal
